
Microsoft Visual Studio Solution File, Format Version 12.00
# Visual Studio Version 17
VisualStudioVersion = 17.11.35327.3
MinimumVisualStudioVersion = 10.0.40219.1
Project("{FAE04EC0-301F-11D3-BF4B-00C04F79EFBC}") = "clubnativo", "clubnativo\clubnativo.csproj", "{72DB58D1-310C-43FB-B9BC-E2B4109D8ED4}"
EndProject
Global
	GlobalSection(SolutionConfigurationPlatforms) = preSolution
		Debug|Any CPU = Debug|Any CPU
		Release|Any CPU = Release|Any CPU
	EndGlobalSection
	GlobalSection(ProjectConfigurationPlatforms) = postSolution
		{72DB58D1-310C-43FB-B9BC-E2B4109D8ED4}.Debug|Any CPU.ActiveCfg = Debug|Any CPU
		{72DB58D1-310C-43FB-B9BC-E2B4109D8ED4}.Debug|Any CPU.Build.0 = Debug|Any CPU
		{72DB58D1-310C-43FB-B9BC-E2B4109D8ED4}.Release|Any CPU.ActiveCfg = Release|Any CPU
		{72DB58D1-310C-43FB-B9BC-E2B4109D8ED4}.Release|Any CPU.Build.0 = Release|Any CPU
	EndGlobalSection
	GlobalSection(SolutionProperties) = preSolution
		HideSolutionNode = FALSE
	EndGlobalSection
	GlobalSection(ExtensibilityGlobals) = postSolution
		SolutionGuid = {AEFF5C13-AC5B-4AAE-90A2-FA4E88CA816D}
	EndGlobalSection
EndGlobal
